// !$*UTF8*$!
{
	archiveVersion = 1;
	classes = {
	};
	objectVersion = 56;
	objects = {

/* Begin PBXBuildFile section */
		DD29ACAD2CC06BAE001FEBDE /* Assets.xcassets in Resources */ = {isa = PBXBuildFile; fileRef = DDF73AFF2CC0378100833720 /* Assets.xcassets */; };
		DD6A585C2DAD7FF7006A064E /* AddProjectView.swift in Sources */ = {isa = PBXBuildFile; fileRef = DD6A585B2DAD7FF7006A064E /* AddProjectView.swift */; };
		DD6A585E2DAD81CE006A064E /* TemplateManagerView.swift in Sources */ = {isa = PBXBuildFile; fileRef = DD6A585D2DAD81CE006A064E /* TemplateManagerView.swift */; };
		DD6A58602DAD8431006A064E /* TemplateSubDeadlineEditorRow.swift in Sources */ = {isa = PBXBuildFile; fileRef = DD6A585F2DAD8431006A064E /* TemplateSubDeadlineEditorRow.swift */; };
		DD6A58622DAD8453006A064E /* TemplateEditorView.swift in Sources */ = {isa = PBXBuildFile; fileRef = DD6A58612DAD8453006A064E /* TemplateEditorView.swift */; };
		DD6A58662DAD852C006A064E /* ProjectDetailView.swift in Sources */ = {isa = PBXBuildFile; fileRef = DD6A58632DAD852C006A064E /* ProjectDetailView.swift */; };
		DD6A58672DAD852C006A064E /* ProjectRow.swift in Sources */ = {isa = PBXBuildFile; fileRef = DD6A58642DAD852C006A064E /* ProjectRow.swift */; };
		DD6A58682DAD852C006A064E /* CompletedProjectsView.swift in Sources */ = {isa = PBXBuildFile; fileRef = DD6A58652DAD852C006A064E /* CompletedProjectsView.swift */; };
		DD6A586A2DAD8A37006A064E /* AllDeadlinesView.swift in Sources */ = {isa = PBXBuildFile; fileRef = DD6A58692DAD8A37006A064E /* AllDeadlinesView.swift */; };
		DD6A586C2DAD8C34006A064E /* ProjectEditorView.swift in Sources */ = {isa = PBXBuildFile; fileRef = DD6A586B2DAD8C34006A064E /* ProjectEditorView.swift */; };
		DD6A586E2DAD9A23006A064E /* TriggersView.swift in Sources */ = {isa = PBXBuildFile; fileRef = DD6A586D2DAD9A23006A064E /* TriggersView.swift */; };
		DD6A58702DADB64D006A064E /* BackupRestoreView.swift in Sources */ = {isa = PBXBuildFile; fileRef = DD6A586F2DADB64D006A064E /* BackupRestoreView.swift */; };
		DD6A58722DADB712006A064E /* BackupManager.swift in Sources */ = {isa = PBXBuildFile; fileRef = DD6A58712DADB711006A064E /* BackupManager.swift */; };
		DDF73AFC2CC0378000833720 /* Deadline_CalendarApp.swift in Sources */ = {isa = PBXBuildFile; fileRef = DDF73AFB2CC0378000833720 /* Deadline_CalendarApp.swift */; };
		DDF73AFE2CC0378000833720 /* ContentView.swift in Sources */ = {isa = PBXBuildFile; fileRef = DDF73AFD2CC0378000833720 /* ContentView.swift */; };
		DDF73B002CC0378100833720 /* Assets.xcassets in Resources */ = {isa = PBXBuildFile; fileRef = DDF73AFF2CC0378100833720 /* Assets.xcassets */; };
		DDF73B032CC0378100833720 /* Preview Assets.xcassets in Resources */ = {isa = PBXBuildFile; fileRef = DDF73B022CC0378100833720 /* Preview Assets.xcassets */; };
		DDF73B0D2CC0378100833720 /* Deadline_CalendarTests.swift in Sources */ = {isa = PBXBuildFile; fileRef = DDF73B0C2CC0378100833720 /* Deadline_CalendarTests.swift */; };
		DDF73B172CC0378100833720 /* Deadline_CalendarUITests.swift in Sources */ = {isa = PBXBuildFile; fileRef = DDF73B162CC0378100833720 /* Deadline_CalendarUITests.swift */; };
		DDF73B192CC0378100833720 /* Deadline_CalendarUITestsLaunchTests.swift in Sources */ = {isa = PBXBuildFile; fileRef = DDF73B182CC0378100833720 /* Deadline_CalendarUITestsLaunchTests.swift */; };
		DDF73B272CC0425B00833720 /* SwiftSoup in Frameworks */ = {isa = PBXBuildFile; productRef = DDF73B262CC0425B00833720 /* SwiftSoup */; };
		DDF73B682CC04F5C00833720 /* WidgetKit.framework in Frameworks */ = {isa = PBXBuildFile; fileRef = DDF73B672CC04F5C00833720 /* WidgetKit.framework */; };
		DDF73B6A2CC04F5C00833720 /* SwiftUI.framework in Frameworks */ = {isa = PBXBuildFile; fileRef = DDF73B692CC04F5C00833720 /* SwiftUI.framework */; };
		DDF73B6D2CC04F5C00833720 /* DeadlineCalendarWidgetBundle.swift in Sources */ = {isa = PBXBuildFile; fileRef = DDF73B6C2CC04F5C00833720 /* DeadlineCalendarWidgetBundle.swift */; };
		DDF73B6F2CC04F5C00833720 /* DeadlineCalendarWidgetLiveActivity.swift in Sources */ = {isa = PBXBuildFile; fileRef = DDF73B6E2CC04F5C00833720 /* DeadlineCalendarWidgetLiveActivity.swift */; };
		DDF73B732CC04F5C00833720 /* AppIntent.swift in Sources */ = {isa = PBXBuildFile; fileRef = DDF73B722CC04F5C00833720 /* AppIntent.swift */; };
		DDF73B752CC04F5D00833720 /* Assets.xcassets in Resources */ = {isa = PBXBuildFile; fileRef = DDF73B742CC04F5D00833720 /* Assets.xcassets */; };
		DDF73B792CC04F5D00833720 /* DeadlineCalendarWidgetExtension.appex in Embed Foundation Extensions */ = {isa = PBXBuildFile; fileRef = DDF73B652CC04F5C00833720 /* DeadlineCalendarWidgetExtension.appex */; settings = {ATTRIBUTES = (RemoveHeadersOnCopy, ); }; };
		DDF73B832CC053F300833720 /* Models.swift in Sources */ = {isa = PBXBuildFile; fileRef = DDF73B822CC053F300833720 /* Models.swift */; };
		DDF73B842CC0540300833720 /* Models.swift in Sources */ = {isa = PBXBuildFile; fileRef = DDF73B822CC053F300833720 /* Models.swift */; };
		DDF73B862CC0541D00833720 /* SwiftSoup in Frameworks */ = {isa = PBXBuildFile; productRef = DDF73B852CC0541D00833720 /* SwiftSoup */; };
		DDF73B8B2CC0551400833720 /* DeadlineWidgetEntryView.swift in Sources */ = {isa = PBXBuildFile; fileRef = DDF73B892CC0550B00833720 /* DeadlineWidgetEntryView.swift */; };
		DDF73B8C2CC0551700833720 /* DeadlineProvider.swift in Sources */ = {isa = PBXBuildFile; fileRef = DDF73B872CC054DC00833720 /* DeadlineProvider.swift */; };
/* End PBXBuildFile section */

/* Begin PBXContainerItemProxy section */
		DDF73B092CC0378100833720 /* PBXContainerItemProxy */ = {
			isa = PBXContainerItemProxy;
			containerPortal = DDF73AF02CC0378000833720 /* Project object */;
			proxyType = 1;
			remoteGlobalIDString = DDF73AF72CC0378000833720;
			remoteInfo = "Deadline Calendar";
		};
		DDF73B132CC0378100833720 /* PBXContainerItemProxy */ = {
			isa = PBXContainerItemProxy;
			containerPortal = DDF73AF02CC0378000833720 /* Project object */;
			proxyType = 1;
			remoteGlobalIDString = DDF73AF72CC0378000833720;
			remoteInfo = "Deadline Calendar";
		};
		DDF73B772CC04F5D00833720 /* PBXContainerItemProxy */ = {
			isa = PBXContainerItemProxy;
			containerPortal = DDF73AF02CC0378000833720 /* Project object */;
			proxyType = 1;
			remoteGlobalIDString = DDF73B642CC04F5C00833720;
			remoteInfo = DeadlineCalendarWidgetExtension;
		};
/* End PBXContainerItemProxy section */

/* Begin PBXCopyFilesBuildPhase section */
		DDF73B7D2CC04F5D00833720 /* Embed Foundation Extensions */ = {
			isa = PBXCopyFilesBuildPhase;
			buildActionMask = 2147483647;
			dstPath = "";
			dstSubfolderSpec = 13;
			files = (
				DDF73B792CC04F5D00833720 /* DeadlineCalendarWidgetExtension.appex in Embed Foundation Extensions */,
			);
			name = "Embed Foundation Extensions";
			runOnlyForDeploymentPostprocessing = 0;
		};
/* End PBXCopyFilesBuildPhase section */

/* Begin PBXFileReference section */
		DD6A585B2DAD7FF7006A064E /* AddProjectView.swift */ = {isa = PBXFileReference; fileEncoding = 4; lastKnownFileType = sourcecode.swift; name = AddProjectView.swift; path = "Deadline Calendar/AddProjectView.swift"; sourceTree = "<group>"; };
		DD6A585D2DAD81CE006A064E /* TemplateManagerView.swift */ = {isa = PBXFileReference; fileEncoding = 4; lastKnownFileType = sourcecode.swift; name = TemplateManagerView.swift; path = "Deadline Calendar/TemplateManagerView.swift"; sourceTree = "<group>"; };
		DD6A585F2DAD8431006A064E /* TemplateSubDeadlineEditorRow.swift */ = {isa = PBXFileReference; fileEncoding = 4; lastKnownFileType = sourcecode.swift; name = TemplateSubDeadlineEditorRow.swift; path = "Deadline Calendar/TemplateSubDeadlineEditorRow.swift"; sourceTree = "<group>"; };
		DD6A58612DAD8453006A064E /* TemplateEditorView.swift */ = {isa = PBXFileReference; fileEncoding = 4; lastKnownFileType = sourcecode.swift; name = TemplateEditorView.swift; path = "Deadline Calendar/TemplateEditorView.swift"; sourceTree = "<group>"; };
		DD6A58632DAD852C006A064E /* ProjectDetailView.swift */ = {isa = PBXFileReference; fileEncoding = 4; lastKnownFileType = sourcecode.swift; name = ProjectDetailView.swift; path = "Deadline Calendar/ProjectDetailView.swift"; sourceTree = "<group>"; };
		DD6A58642DAD852C006A064E /* ProjectRow.swift */ = {isa = PBXFileReference; fileEncoding = 4; lastKnownFileType = sourcecode.swift; name = ProjectRow.swift; path = "Deadline Calendar/ProjectRow.swift"; sourceTree = "<group>"; };
		DD6A58652DAD852C006A064E /* CompletedProjectsView.swift */ = {isa = PBXFileReference; fileEncoding = 4; lastKnownFileType = sourcecode.swift; name = CompletedProjectsView.swift; path = "Deadline Calendar/CompletedProjectsView.swift"; sourceTree = "<group>"; };
		DD6A58692DAD8A37006A064E /* AllDeadlinesView.swift */ = {isa = PBXFileReference; fileEncoding = 4; lastKnownFileType = sourcecode.swift; name = AllDeadlinesView.swift; path = "Deadline Calendar/AllDeadlinesView.swift"; sourceTree = "<group>"; };
		DD6A586B2DAD8C34006A064E /* ProjectEditorView.swift */ = {isa = PBXFileReference; fileEncoding = 4; lastKnownFileType = sourcecode.swift; name = ProjectEditorView.swift; path = "Deadline Calendar/ProjectEditorView.swift"; sourceTree = "<group>"; };
		DD6A586D2DAD9A23006A064E /* TriggersView.swift */ = {isa = PBXFileReference; fileEncoding = 4; lastKnownFileType = sourcecode.swift; name = TriggersView.swift; path = "Deadline Calendar/TriggersView.swift"; sourceTree = "<group>"; };
		DD6A586F2DADB64D006A064E /* BackupRestoreView.swift */ = {isa = PBXFileReference; fileEncoding = 4; lastKnownFileType = sourcecode.swift; name = BackupRestoreView.swift; path = "Deadline Calendar/BackupRestoreView.swift"; sourceTree = "<group>"; };
		DD6A58712DADB711006A064E /* BackupManager.swift */ = {isa = PBXFileReference; fileEncoding = 4; lastKnownFileType = sourcecode.swift; path = BackupManager.swift; sourceTree = "<group>"; };
		DDF73AF82CC0378000833720 /* Deadline Calendar.app */ = {isa = PBXFileReference; explicitFileType = wrapper.application; includeInIndex = 0; path = "Deadline Calendar.app"; sourceTree = BUILT_PRODUCTS_DIR; };
		DDF73AFB2CC0378000833720 /* Deadline_CalendarApp.swift */ = {isa = PBXFileReference; lastKnownFileType = sourcecode.swift; path = Deadline_CalendarApp.swift; sourceTree = "<group>"; };
		DDF73AFD2CC0378000833720 /* ContentView.swift */ = {isa = PBXFileReference; lastKnownFileType = sourcecode.swift; path = ContentView.swift; sourceTree = "<group>"; };
		DDF73AFF2CC0378100833720 /* Assets.xcassets */ = {isa = PBXFileReference; lastKnownFileType = folder.assetcatalog; path = Assets.xcassets; sourceTree = "<group>"; };
		DDF73B022CC0378100833720 /* Preview Assets.xcassets */ = {isa = PBXFileReference; lastKnownFileType = folder.assetcatalog; path = "Preview Assets.xcassets"; sourceTree = "<group>"; };
		DDF73B082CC0378100833720 /* Deadline CalendarTests.xctest */ = {isa = PBXFileReference; explicitFileType = wrapper.cfbundle; includeInIndex = 0; path = "Deadline CalendarTests.xctest"; sourceTree = BUILT_PRODUCTS_DIR; };
		DDF73B0C2CC0378100833720 /* Deadline_CalendarTests.swift */ = {isa = PBXFileReference; lastKnownFileType = sourcecode.swift; path = Deadline_CalendarTests.swift; sourceTree = "<group>"; };
		DDF73B122CC0378100833720 /* Deadline CalendarUITests.xctest */ = {isa = PBXFileReference; explicitFileType = wrapper.cfbundle; includeInIndex = 0; path = "Deadline CalendarUITests.xctest"; sourceTree = BUILT_PRODUCTS_DIR; };
		DDF73B162CC0378100833720 /* Deadline_CalendarUITests.swift */ = {isa = PBXFileReference; lastKnownFileType = sourcecode.swift; path = Deadline_CalendarUITests.swift; sourceTree = "<group>"; };
		DDF73B182CC0378100833720 /* Deadline_CalendarUITestsLaunchTests.swift */ = {isa = PBXFileReference; lastKnownFileType = sourcecode.swift; path = Deadline_CalendarUITestsLaunchTests.swift; sourceTree = "<group>"; };
		DDF73B652CC04F5C00833720 /* DeadlineCalendarWidgetExtension.appex */ = {isa = PBXFileReference; explicitFileType = "wrapper.app-extension"; includeInIndex = 0; path = DeadlineCalendarWidgetExtension.appex; sourceTree = BUILT_PRODUCTS_DIR; };
		DDF73B672CC04F5C00833720 /* WidgetKit.framework */ = {isa = PBXFileReference; lastKnownFileType = wrapper.framework; name = WidgetKit.framework; path = System/Library/Frameworks/WidgetKit.framework; sourceTree = SDKROOT; };
		DDF73B692CC04F5C00833720 /* SwiftUI.framework */ = {isa = PBXFileReference; lastKnownFileType = wrapper.framework; name = SwiftUI.framework; path = System/Library/Frameworks/SwiftUI.framework; sourceTree = SDKROOT; };
		DDF73B6C2CC04F5C00833720 /* DeadlineCalendarWidgetBundle.swift */ = {isa = PBXFileReference; lastKnownFileType = sourcecode.swift; path = DeadlineCalendarWidgetBundle.swift; sourceTree = "<group>"; };
		DDF73B6E2CC04F5C00833720 /* DeadlineCalendarWidgetLiveActivity.swift */ = {isa = PBXFileReference; lastKnownFileType = sourcecode.swift; path = DeadlineCalendarWidgetLiveActivity.swift; sourceTree = "<group>"; };
		DDF73B702CC04F5C00833720 /* DeadlineCalendarWidget.swift */ = {isa = PBXFileReference; lastKnownFileType = sourcecode.swift; path = DeadlineCalendarWidget.swift; sourceTree = "<group>"; };
		DDF73B722CC04F5C00833720 /* AppIntent.swift */ = {isa = PBXFileReference; lastKnownFileType = sourcecode.swift; path = AppIntent.swift; sourceTree = "<group>"; };
		DDF73B742CC04F5D00833720 /* Assets.xcassets */ = {isa = PBXFileReference; lastKnownFileType = folder.assetcatalog; path = Assets.xcassets; sourceTree = "<group>"; };
		DDF73B762CC04F5D00833720 /* Info.plist */ = {isa = PBXFileReference; lastKnownFileType = text.plist.xml; path = Info.plist; sourceTree = "<group>"; };
		DDF73B7E2CC04FBE00833720 /* Deadline Calendar.entitlements */ = {isa = PBXFileReference; lastKnownFileType = text.plist.entitlements; path = "Deadline Calendar.entitlements"; sourceTree = "<group>"; };
		DDF73B7F2CC0500100833720 /* DeadlineCalendarWidgetExtension.entitlements */ = {isa = PBXFileReference; lastKnownFileType = text.plist.entitlements; path = DeadlineCalendarWidgetExtension.entitlements; sourceTree = "<group>"; };
		DDF73B822CC053F300833720 /* Models.swift */ = {isa = PBXFileReference; lastKnownFileType = sourcecode.swift; path = Models.swift; sourceTree = "<group>"; };
		DDF73B872CC054DC00833720 /* DeadlineProvider.swift */ = {isa = PBXFileReference; lastKnownFileType = sourcecode.swift; path = DeadlineProvider.swift; sourceTree = "<group>"; };
		DDF73B892CC0550B00833720 /* DeadlineWidgetEntryView.swift */ = {isa = PBXFileReference; lastKnownFileType = sourcecode.swift; path = DeadlineWidgetEntryView.swift; sourceTree = "<group>"; };
/* End PBXFileReference section */

/* Begin PBXFrameworksBuildPhase section */
		DDF73AF52CC0378000833720 /* Frameworks */ = {
			isa = PBXFrameworksBuildPhase;
			buildActionMask = 2147483647;
			files = (
				DDF73B272CC0425B00833720 /* SwiftSoup in Frameworks */,
			);
			runOnlyForDeploymentPostprocessing = 0;
		};
		DDF73B052CC0378100833720 /* Frameworks */ = {
			isa = PBXFrameworksBuildPhase;
			buildActionMask = 2147483647;
			files = (
			);
			runOnlyForDeploymentPostprocessing = 0;
		};
		DDF73B0F2CC0378100833720 /* Frameworks */ = {
			isa = PBXFrameworksBuildPhase;
			buildActionMask = 2147483647;
			files = (
			);
			runOnlyForDeploymentPostprocessing = 0;
		};
		DDF73B622CC04F5C00833720 /* Frameworks */ = {
			isa = PBXFrameworksBuildPhase;
			buildActionMask = 2147483647;
			files = (
				DDF73B6A2CC04F5C00833720 /* SwiftUI.framework in Frameworks */,
				DDF73B682CC04F5C00833720 /* WidgetKit.framework in Frameworks */,
				DDF73B862CC0541D00833720 /* SwiftSoup in Frameworks */,
			);
			runOnlyForDeploymentPostprocessing = 0;
		};
/* End PBXFrameworksBuildPhase section */

/* Begin PBXGroup section */
		DDF73AEF2CC0378000833720 = {
			isa = PBXGroup;
			children = (
				DD6A58712DADB711006A064E /* BackupManager.swift */,
				DD6A586F2DADB64D006A064E /* BackupRestoreView.swift */,
				DD6A586D2DAD9A23006A064E /* TriggersView.swift */,
				DD6A585B2DAD7FF7006A064E /* AddProjectView.swift */,
				DD6A58692DAD8A37006A064E /* AllDeadlinesView.swift */,
				DD6A58652DAD852C006A064E /* CompletedProjectsView.swift */,
				DDF73AFA2CC0378000833720 /* Deadline Calendar */,
				DDF73B0B2CC0378100833720 /* Deadline CalendarTests */,
				DDF73B152CC0378100833720 /* Deadline CalendarUITests */,
				DDF73B6B2CC04F5C00833720 /* DeadlineCalendarWidget */,
				DDF73B7F2CC0500100833720 /* DeadlineCalendarWidgetExtension.entitlements */,
				DDF73B662CC04F5C00833720 /* Frameworks */,
				DDF73B822CC053F300833720 /* Models.swift */,
				DDF73AF92CC0378000833720 /* Products */,
				DD6A58632DAD852C006A064E /* ProjectDetailView.swift */,
				DD6A586B2DAD8C34006A064E /* ProjectEditorView.swift */,
				DD6A58642DAD852C006A064E /* ProjectRow.swift */,
				DD6A58612DAD8453006A064E /* TemplateEditorView.swift */,
				DD6A585D2DAD81CE006A064E /* TemplateManagerView.swift */,
				DD6A585F2DAD8431006A064E /* TemplateSubDeadlineEditorRow.swift */,
			);
			sourceTree = "<group>";
		};
		DDF73AF92CC0378000833720 /* Products */ = {
			isa = PBXGroup;
			children = (
				DDF73AF82CC0378000833720 /* Deadline Calendar.app */,
				DDF73B082CC0378100833720 /* Deadline CalendarTests.xctest */,
				DDF73B122CC0378100833720 /* Deadline CalendarUITests.xctest */,
				DDF73B652CC04F5C00833720 /* DeadlineCalendarWidgetExtension.appex */,
			);
			name = Products;
			sourceTree = "<group>";
		};
		DDF73AFA2CC0378000833720 /* Deadline Calendar */ = {
			isa = PBXGroup;
			children = (
				DDF73B7E2CC04FBE00833720 /* Deadline Calendar.entitlements */,
				DDF73AFB2CC0378000833720 /* Deadline_CalendarApp.swift */,
				DDF73AFD2CC0378000833720 /* ContentView.swift */,
				DDF73AFF2CC0378100833720 /* Assets.xcassets */,
				DDF73B012CC0378100833720 /* Preview Content */,
			);
			path = "Deadline Calendar";
			sourceTree = "<group>";
		};
		DDF73B012CC0378100833720 /* Preview Content */ = {
			isa = PBXGroup;
			children = (
				DDF73B022CC0378100833720 /* Preview Assets.xcassets */,
			);
			path = "Preview Content";
			sourceTree = "<group>";
		};
		DDF73B0B2CC0378100833720 /* Deadline CalendarTests */ = {
			isa = PBXGroup;
			children = (
				DDF73B0C2CC0378100833720 /* Deadline_CalendarTests.swift */,
			);
			path = "Deadline CalendarTests";
			sourceTree = "<group>";
		};
		DDF73B152CC0378100833720 /* Deadline CalendarUITests */ = {
			isa = PBXGroup;
			children = (
				DDF73B162CC0378100833720 /* Deadline_CalendarUITests.swift */,
				DDF73B182CC0378100833720 /* Deadline_CalendarUITestsLaunchTests.swift */,
			);
			path = "Deadline CalendarUITests";
			sourceTree = "<group>";
		};
		DDF73B662CC04F5C00833720 /* Frameworks */ = {
			isa = PBXGroup;
			children = (
				DDF73B672CC04F5C00833720 /* WidgetKit.framework */,
				DDF73B692CC04F5C00833720 /* SwiftUI.framework */,
			);
			name = Frameworks;
			sourceTree = "<group>";
		};
		DDF73B6B2CC04F5C00833720 /* DeadlineCalendarWidget */ = {
			isa = PBXGroup;
			children = (
				DDF73B6C2CC04F5C00833720 /* DeadlineCalendarWidgetBundle.swift */,
				DDF73B6E2CC04F5C00833720 /* DeadlineCalendarWidgetLiveActivity.swift */,
				DDF73B702CC04F5C00833720 /* DeadlineCalendarWidget.swift */,
				DDF73B722CC04F5C00833720 /* AppIntent.swift */,
				DDF73B742CC04F5D00833720 /* Assets.xcassets */,
				DDF73B762CC04F5D00833720 /* Info.plist */,
				DDF73B872CC054DC00833720 /* DeadlineProvider.swift */,
				DDF73B892CC0550B00833720 /* DeadlineWidgetEntryView.swift */,
			);
			path = DeadlineCalendarWidget;
			sourceTree = "<group>";
		};
/* End PBXGroup section */

/* Begin PBXNativeTarget section */
		DDF73AF72CC0378000833720 /* Deadline Calendar */ = {
			isa = PBXNativeTarget;
			buildConfigurationList = DDF73B1C2CC0378100833720 /* Build configuration list for PBXNativeTarget "Deadline Calendar" */;
			buildPhases = (
				DDF73AF42CC0378000833720 /* Sources */,
				DDF73AF52CC0378000833720 /* Frameworks */,
				DDF73AF62CC0378000833720 /* Resources */,
				DDF73B7D2CC04F5D00833720 /* Embed Foundation Extensions */,
			);
			buildRules = (
			);
			dependencies = (
				DDF73B782CC04F5D00833720 /* PBXTargetDependency */,
			);
			name = "Deadline Calendar";
			packageProductDependencies = (
				DDF73B262CC0425B00833720 /* SwiftSoup */,
			);
			productName = "Deadline Calendar";
			productReference = DDF73AF82CC0378000833720 /* Deadline Calendar.app */;
			productType = "com.apple.product-type.application";
		};
		DDF73B072CC0378100833720 /* Deadline CalendarTests */ = {
			isa = PBXNativeTarget;
			buildConfigurationList = DDF73B1F2CC0378100833720 /* Build configuration list for PBXNativeTarget "Deadline CalendarTests" */;
			buildPhases = (
				DDF73B042CC0378100833720 /* Sources */,
				DDF73B052CC0378100833720 /* Frameworks */,
				DDF73B062CC0378100833720 /* Resources */,
			);
			buildRules = (
			);
			dependencies = (
				DDF73B0A2CC0378100833720 /* PBXTargetDependency */,
			);
			name = "Deadline CalendarTests";
			productName = "Deadline CalendarTests";
			productReference = DDF73B082CC0378100833720 /* Deadline CalendarTests.xctest */;
			productType = "com.apple.product-type.bundle.unit-test";
		};
		DDF73B112CC0378100833720 /* Deadline CalendarUITests */ = {
			isa = PBXNativeTarget;
			buildConfigurationList = DDF73B222CC0378100833720 /* Build configuration list for PBXNativeTarget "Deadline CalendarUITests" */;
			buildPhases = (
				DDF73B0E2CC0378100833720 /* Sources */,
				DDF73B0F2CC0378100833720 /* Frameworks */,
				DDF73B102CC0378100833720 /* Resources */,
			);
			buildRules = (
			);
			dependencies = (
				DDF73B142CC0378100833720 /* PBXTargetDependency */,
			);
			name = "Deadline CalendarUITests";
			productName = "Deadline CalendarUITests";
			productReference = DDF73B122CC0378100833720 /* Deadline CalendarUITests.xctest */;
			productType = "com.apple.product-type.bundle.ui-testing";
		};
		DDF73B642CC04F5C00833720 /* DeadlineCalendarWidgetExtension */ = {
			isa = PBXNativeTarget;
			buildConfigurationList = DDF73B7A2CC04F5D00833720 /* Build configuration list for PBXNativeTarget "DeadlineCalendarWidgetExtension" */;
			buildPhases = (
				DDF73B612CC04F5C00833720 /* Sources */,
				DDF73B622CC04F5C00833720 /* Frameworks */,
				DDF73B632CC04F5C00833720 /* Resources */,
			);
			buildRules = (
			);
			dependencies = (
			);
			name = DeadlineCalendarWidgetExtension;
			packageProductDependencies = (
				DDF73B852CC0541D00833720 /* SwiftSoup */,
			);
			productName = DeadlineCalendarWidgetExtension;
			productReference = DDF73B652CC04F5C00833720 /* DeadlineCalendarWidgetExtension.appex */;
			productType = "com.apple.product-type.app-extension";
		};
/* End PBXNativeTarget section */

/* Begin PBXProject section */
		DDF73AF02CC0378000833720 /* Project object */ = {
			isa = PBXProject;
			attributes = {
				BuildIndependentTargetsInParallel = 1;
				LastSwiftUpdateCheck = 1540;
				LastUpgradeCheck = 1540;
				TargetAttributes = {
					DDF73AF72CC0378000833720 = {
						CreatedOnToolsVersion = 15.4;
					};
					DDF73B072CC0378100833720 = {
						CreatedOnToolsVersion = 15.4;
						TestTargetID = DDF73AF72CC0378000833720;
					};
					DDF73B112CC0378100833720 = {
						CreatedOnToolsVersion = 15.4;
						TestTargetID = DDF73AF72CC0378000833720;
					};
					DDF73B642CC04F5C00833720 = {
						CreatedOnToolsVersion = 15.4;
					};
				};
			};
			buildConfigurationList = DDF73AF32CC0378000833720 /* Build configuration list for PBXProject "Deadline Calendar" */;
			compatibilityVersion = "Xcode 14.0";
			developmentRegion = en;
			hasScannedForEncodings = 0;
			knownRegions = (
				en,
				Base,
			);
			mainGroup = DDF73AEF2CC0378000833720;
			packageReferences = (
				DDF73B252CC0425B00833720 /* XCRemoteSwiftPackageReference "SwiftSoup" */,
			);
			productRefGroup = DDF73AF92CC0378000833720 /* Products */;
			projectDirPath = "";
			projectRoot = "";
			targets = (
				DDF73AF72CC0378000833720 /* Deadline Calendar */,
				DDF73B072CC0378100833720 /* Deadline CalendarTests */,
				DDF73B112CC0378100833720 /* Deadline CalendarUITests */,
				DDF73B642CC04F5C00833720 /* DeadlineCalendarWidgetExtension */,
			);
		};
/* End PBXProject section */

/* Begin PBXResourcesBuildPhase section */
		DDF73AF62CC0378000833720 /* Resources */ = {
			isa = PBXResourcesBuildPhase;
			buildActionMask = 2147483647;
			files = (
				DDF73B032CC0378100833720 /* Preview Assets.xcassets in Resources */,
				DDF73B002CC0378100833720 /* Assets.xcassets in Resources */,
			);
			runOnlyForDeploymentPostprocessing = 0;
		};
		DDF73B062CC0378100833720 /* Resources */ = {
			isa = PBXResourcesBuildPhase;
			buildActionMask = 2147483647;
			files = (
			);
			runOnlyForDeploymentPostprocessing = 0;
		};
		DDF73B102CC0378100833720 /* Resources */ = {
			isa = PBXResourcesBuildPhase;
			buildActionMask = 2147483647;
			files = (
			);
			runOnlyForDeploymentPostprocessing = 0;
		};
		DDF73B632CC04F5C00833720 /* Resources */ = {
			isa = PBXResourcesBuildPhase;
			buildActionMask = 2147483647;
			files = (
				DD29ACAD2CC06BAE001FEBDE /* Assets.xcassets in Resources */,
				DDF73B752CC04F5D00833720 /* Assets.xcassets in Resources */,
			);
			runOnlyForDeploymentPostprocessing = 0;
		};
/* End PBXResourcesBuildPhase section */

/* Begin PBXSourcesBuildPhase section */
		DDF73AF42CC0378000833720 /* Sources */ = {
			isa = PBXSourcesBuildPhase;
			buildActionMask = 2147483647;
			files = (
				DD6A58682DAD852C006A064E /* CompletedProjectsView.swift in Sources */,
				DDF73B832CC053F300833720 /* Models.swift in Sources */,
				DD6A586A2DAD8A37006A064E /* AllDeadlinesView.swift in Sources */,
				DDF73AFE2CC0378000833720 /* ContentView.swift in Sources */,
				DD6A58602DAD8431006A064E /* TemplateSubDeadlineEditorRow.swift in Sources */,
				DD6A585C2DAD7FF7006A064E /* AddProjectView.swift in Sources */,
				DD6A58622DAD8453006A064E /* TemplateEditorView.swift in Sources */,
				DD6A586E2DAD9A23006A064E /* TriggersView.swift in Sources */,
				DD6A586C2DAD8C34006A064E /* ProjectEditorView.swift in Sources */,
				DD6A585E2DAD81CE006A064E /* TemplateManagerView.swift in Sources */,
				DD6A58672DAD852C006A064E /* ProjectRow.swift in Sources */,
				DDF73AFC2CC0378000833720 /* Deadline_CalendarApp.swift in Sources */,
				DD6A58662DAD852C006A064E /* ProjectDetailView.swift in Sources */,
				DD6A58722DADB712006A064E /* BackupManager.swift in Sources */,
				DD6A58702DADB64D006A064E /* BackupRestoreView.swift in Sources */,
			);
			runOnlyForDeploymentPostprocessing = 0;
		};
		DDF73B042CC0378100833720 /* Sources */ = {
			isa = PBXSourcesBuildPhase;
			buildActionMask = 2147483647;
			files = (
				DDF73B0D2CC0378100833720 /* Deadline_CalendarTests.swift in Sources */,
			);
			runOnlyForDeploymentPostprocessing = 0;
		};
		DDF73B0E2CC0378100833720 /* Sources */ = {
			isa = PBXSourcesBuildPhase;
			buildActionMask = 2147483647;
			files = (
				DDF73B192CC0378100833720 /* Deadline_CalendarUITestsLaunchTests.swift in Sources */,
				DDF73B172CC0378100833720 /* Deadline_CalendarUITests.swift in Sources */,
			);
			runOnlyForDeploymentPostprocessing = 0;
		};
		DDF73B612CC04F5C00833720 /* Sources */ = {
			isa = PBXSourcesBuildPhase;
			buildActionMask = 2147483647;
			files = (
				DDF73B732CC04F5C00833720 /* AppIntent.swift in Sources */,
				DDF73B6F2CC04F5C00833720 /* DeadlineCalendarWidgetLiveActivity.swift in Sources */,
				DDF73B8B2CC0551400833720 /* DeadlineWidgetEntryView.swift in Sources */,
				DDF73B6D2CC04F5C00833720 /* DeadlineCalendarWidgetBundle.swift in Sources */,
				DDF73B842CC0540300833720 /* Models.swift in Sources */,
				DDF73B8C2CC0551700833720 /* DeadlineProvider.swift in Sources */,
			);
			runOnlyForDeploymentPostprocessing = 0;
		};
/* End PBXSourcesBuildPhase section */

/* Begin PBXTargetDependency section */
		DDF73B0A2CC0378100833720 /* PBXTargetDependency */ = {
			isa = PBXTargetDependency;
			target = DDF73AF72CC0378000833720 /* Deadline Calendar */;
			targetProxy = DDF73B092CC0378100833720 /* PBXContainerItemProxy */;
		};
		DDF73B142CC0378100833720 /* PBXTargetDependency */ = {
			isa = PBXTargetDependency;
			target = DDF73AF72CC0378000833720 /* Deadline Calendar */;
			targetProxy = DDF73B132CC0378100833720 /* PBXContainerItemProxy */;
		};
		DDF73B782CC04F5D00833720 /* PBXTargetDependency */ = {
			isa = PBXTargetDependency;
			target = DDF73B642CC04F5C00833720 /* DeadlineCalendarWidgetExtension */;
			targetProxy = DDF73B772CC04F5D00833720 /* PBXContainerItemProxy */;
		};
/* End PBXTargetDependency section */

/* Begin XCBuildConfiguration section */
		DDF73B1A2CC0378100833720 /* Debug */ = {
			isa = XCBuildConfiguration;
			buildSettings = {
				ALWAYS_SEARCH_USER_PATHS = NO;
				ASSETCATALOG_COMPILER_GENERATE_SWIFT_ASSET_SYMBOL_EXTENSIONS = YES;
				CLANG_ANALYZER_NONNULL = YES;
				CLANG_ANALYZER_NUMBER_OBJECT_CONVERSION = YES_AGGRESSIVE;
				CLANG_CXX_LANGUAGE_STANDARD = "gnu++20";
				CLANG_ENABLE_MODULES = YES;
				CLANG_ENABLE_OBJC_ARC = YES;
				CLANG_ENABLE_OBJC_WEAK = YES;
				CLANG_WARN_BLOCK_CAPTURE_AUTORELEASING = YES;
				CLANG_WARN_BOOL_CONVERSION = YES;
				CLANG_WARN_COMMA = YES;
				CLANG_WARN_CONSTANT_CONVERSION = YES;
				CLANG_WARN_DEPRECATED_OBJC_IMPLEMENTATIONS = YES;
				CLANG_WARN_DIRECT_OBJC_ISA_USAGE = YES_ERROR;
				CLANG_WARN_DOCUMENTATION_COMMENTS = YES;
				CLANG_WARN_EMPTY_BODY = YES;
				CLANG_WARN_ENUM_CONVERSION = YES;
				CLANG_WARN_INFINITE_RECURSION = YES;
				CLANG_WARN_INT_CONVERSION = YES;
				CLANG_WARN_NON_LITERAL_NULL_CONVERSION = YES;
				CLANG_WARN_OBJC_IMPLICIT_RETAIN_SELF = YES;
				CLANG_WARN_OBJC_LITERAL_CONVERSION = YES;
				CLANG_WARN_OBJC_ROOT_CLASS = YES_ERROR;
				CLANG_WARN_QUOTED_INCLUDE_IN_FRAMEWORK_HEADER = YES;
				CLANG_WARN_RANGE_LOOP_ANALYSIS = YES;
				CLANG_WARN_STRICT_PROTOTYPES = YES;
				CLANG_WARN_SUSPICIOUS_MOVE = YES;
				CLANG_WARN_UNGUARDED_AVAILABILITY = YES_AGGRESSIVE;
				CLANG_WARN_UNREACHABLE_CODE = YES;
				CLANG_WARN__DUPLICATE_METHOD_MATCH = YES;
				COPY_PHASE_STRIP = NO;
				DEBUG_INFORMATION_FORMAT = dwarf;
				ENABLE_STRICT_OBJC_MSGSEND = YES;
				ENABLE_TESTABILITY = YES;
				ENABLE_USER_SCRIPT_SANDBOXING = YES;
				GCC_C_LANGUAGE_STANDARD = gnu17;
				GCC_DYNAMIC_NO_PIC = NO;
				GCC_NO_COMMON_BLOCKS = YES;
				GCC_OPTIMIZATION_LEVEL = 0;
				GCC_PREPROCESSOR_DEFINITIONS = (
					"DEBUG=1",
					"$(inherited)",
				);
				GCC_WARN_64_TO_32_BIT_CONVERSION = YES;
				GCC_WARN_ABOUT_RETURN_TYPE = YES_ERROR;
				GCC_WARN_UNDECLARED_SELECTOR = YES;
				GCC_WARN_UNINITIALIZED_AUTOS = YES_AGGRESSIVE;
				GCC_WARN_UNUSED_FUNCTION = YES;
				GCC_WARN_UNUSED_VARIABLE = YES;
				IPHONEOS_DEPLOYMENT_TARGET = 17.5;
				LOCALIZATION_PREFERS_STRING_CATALOGS = YES;
				MTL_ENABLE_DEBUG_INFO = INCLUDE_SOURCE;
				MTL_FAST_MATH = YES;
				ONLY_ACTIVE_ARCH = YES;
				SDKROOT = iphoneos;
				SWIFT_ACTIVE_COMPILATION_CONDITIONS = "DEBUG $(inherited)";
				SWIFT_OPTIMIZATION_LEVEL = "-Onone";
			};
			name = Debug;
		};
		DDF73B1B2CC0378100833720 /* Release */ = {
			isa = XCBuildConfiguration;
			buildSettings = {
				ALWAYS_SEARCH_USER_PATHS = NO;
				ASSETCATALOG_COMPILER_GENERATE_SWIFT_ASSET_SYMBOL_EXTENSIONS = YES;
				CLANG_ANALYZER_NONNULL = YES;
				CLANG_ANALYZER_NUMBER_OBJECT_CONVERSION = YES_AGGRESSIVE;
				CLANG_CXX_LANGUAGE_STANDARD = "gnu++20";
				CLANG_ENABLE_MODULES = YES;
				CLANG_ENABLE_OBJC_ARC = YES;
				CLANG_ENABLE_OBJC_WEAK = YES;
				CLANG_WARN_BLOCK_CAPTURE_AUTORELEASING = YES;
				CLANG_WARN_BOOL_CONVERSION = YES;
				CLANG_WARN_COMMA = YES;
				CLANG_WARN_CONSTANT_CONVERSION = YES;
				CLANG_WARN_DEPRECATED_OBJC_IMPLEMENTATIONS = YES;
				CLANG_WARN_DIRECT_OBJC_ISA_USAGE = YES_ERROR;
				CLANG_WARN_DOCUMENTATION_COMMENTS = YES;
				CLANG_WARN_EMPTY_BODY = YES;
				CLANG_WARN_ENUM_CONVERSION = YES;
				CLANG_WARN_INFINITE_RECURSION = YES;
				CLANG_WARN_INT_CONVERSION = YES;
				CLANG_WARN_NON_LITERAL_NULL_CONVERSION = YES;
				CLANG_WARN_OBJC_IMPLICIT_RETAIN_SELF = YES;
				CLANG_WARN_OBJC_LITERAL_CONVERSION = YES;
				CLANG_WARN_OBJC_ROOT_CLASS = YES_ERROR;
				CLANG_WARN_QUOTED_INCLUDE_IN_FRAMEWORK_HEADER = YES;
				CLANG_WARN_RANGE_LOOP_ANALYSIS = YES;
				CLANG_WARN_STRICT_PROTOTYPES = YES;
				CLANG_WARN_SUSPICIOUS_MOVE = YES;
				CLANG_WARN_UNGUARDED_AVAILABILITY = YES_AGGRESSIVE;
				CLANG_WARN_UNREACHABLE_CODE = YES;
				CLANG_WARN__DUPLICATE_METHOD_MATCH = YES;
				COPY_PHASE_STRIP = NO;
				DEBUG_INFORMATION_FORMAT = "dwarf-with-dsym";
				ENABLE_NS_ASSERTIONS = NO;
				ENABLE_STRICT_OBJC_MSGSEND = YES;
				ENABLE_USER_SCRIPT_SANDBOXING = YES;
				GCC_C_LANGUAGE_STANDARD = gnu17;
				GCC_NO_COMMON_BLOCKS = YES;
				GCC_WARN_64_TO_32_BIT_CONVERSION = YES;
				GCC_WARN_ABOUT_RETURN_TYPE = YES_ERROR;
				GCC_WARN_UNDECLARED_SELECTOR = YES;
				GCC_WARN_UNINITIALIZED_AUTOS = YES_AGGRESSIVE;
				GCC_WARN_UNUSED_FUNCTION = YES;
				GCC_WARN_UNUSED_VARIABLE = YES;
				IPHONEOS_DEPLOYMENT_TARGET = 17.5;
				LOCALIZATION_PREFERS_STRING_CATALOGS = YES;
				MTL_ENABLE_DEBUG_INFO = NO;
				MTL_FAST_MATH = YES;
				SDKROOT = iphoneos;
				SWIFT_COMPILATION_MODE = wholemodule;
				VALIDATE_PRODUCT = YES;
			};
			name = Release;
		};
		DDF73B1D2CC0378100833720 /* Debug */ = {
			isa = XCBuildConfiguration;
			buildSettings = {
				ALWAYS_EMBED_SWIFT_STANDARD_LIBRARIES = YES;
				ASSETCATALOG_COMPILER_APPICON_NAME = AppIcon;
				ASSETCATALOG_COMPILER_GLOBAL_ACCENT_COLOR_NAME = AccentColor;
				CODE_SIGN_ENTITLEMENTS = "Deadline Calendar/Deadline Calendar.entitlements";
				CODE_SIGN_STYLE = Automatic;
				CURRENT_PROJECT_VERSION = 1;
				DEVELOPMENT_ASSET_PATHS = "\"Deadline Calendar/Preview Content\"";
				DEVELOPMENT_TEAM = 5R2D4Y969H;
				ENABLE_PREVIEWS = YES;
				GENERATE_INFOPLIST_FILE = YES;
				INFOPLIST_KEY_UIApplicationSceneManifest_Generation = YES;
				INFOPLIST_KEY_UIApplicationSupportsIndirectInputEvents = YES;
				INFOPLIST_KEY_UILaunchScreen_Generation = YES;
				INFOPLIST_KEY_UISupportedInterfaceOrientations_iPad = "UIInterfaceOrientationPortrait UIInterfaceOrientationPortraitUpsideDown UIInterfaceOrientationLandscapeLeft UIInterfaceOrientationLandscapeRight";
				INFOPLIST_KEY_UISupportedInterfaceOrientations_iPhone = "UIInterfaceOrientationPortrait UIInterfaceOrientationLandscapeLeft UIInterfaceOrientationLandscapeRight";
				LD_RUNPATH_SEARCH_PATHS = (
					"$(inherited)",
					"@executable_path/Frameworks",
				);
				MARKETING_VERSION = 1.0;
				PRODUCT_BUNDLE_IDENTIFIER = "AOTondra.Deadline-Calendar";
				PRODUCT_NAME = "$(TARGET_NAME)";
				SWIFT_EMIT_LOC_STRINGS = YES;
				SWIFT_VERSION = 5.0;
				TARGETED_DEVICE_FAMILY = "1,2";
			};
			name = Debug;
		};
		DDF73B1E2CC0378100833720 /* Release */ = {
			isa = XCBuildConfiguration;
			buildSettings = {
				ALWAYS_EMBED_SWIFT_STANDARD_LIBRARIES = YES;
				ASSETCATALOG_COMPILER_APPICON_NAME = AppIcon;
				ASSETCATALOG_COMPILER_GLOBAL_ACCENT_COLOR_NAME = AccentColor;
				CODE_SIGN_ENTITLEMENTS = "Deadline Calendar/Deadline Calendar.entitlements";
				CODE_SIGN_STYLE = Automatic;
				CURRENT_PROJECT_VERSION = 1;
				DEVELOPMENT_ASSET_PATHS = "\"Deadline Calendar/Preview Content\"";
				DEVELOPMENT_TEAM = 5R2D4Y969H;
				ENABLE_PREVIEWS = YES;
				GENERATE_INFOPLIST_FILE = YES;
				INFOPLIST_KEY_UIApplicationSceneManifest_Generation = YES;
				INFOPLIST_KEY_UIApplicationSupportsIndirectInputEvents = YES;
				INFOPLIST_KEY_UILaunchScreen_Generation = YES;
				INFOPLIST_KEY_UISupportedInterfaceOrientations_iPad = "UIInterfaceOrientationPortrait UIInterfaceOrientationPortraitUpsideDown UIInterfaceOrientationLandscapeLeft UIInterfaceOrientationLandscapeRight";
				INFOPLIST_KEY_UISupportedInterfaceOrientations_iPhone = "UIInterfaceOrientationPortrait UIInterfaceOrientationLandscapeLeft UIInterfaceOrientationLandscapeRight";
				LD_RUNPATH_SEARCH_PATHS = (
					"$(inherited)",
					"@executable_path/Frameworks",
				);
				MARKETING_VERSION = 1.0;
				PRODUCT_BUNDLE_IDENTIFIER = "AOTondra.Deadline-Calendar";
				PRODUCT_NAME = "$(TARGET_NAME)";
				SWIFT_EMIT_LOC_STRINGS = YES;
				SWIFT_VERSION = 5.0;
				TARGETED_DEVICE_FAMILY = "1,2";
			};
			name = Release;
		};
		DDF73B202CC0378100833720 /* Debug */ = {
			isa = XCBuildConfiguration;
			buildSettings = {
				ALWAYS_EMBED_SWIFT_STANDARD_LIBRARIES = YES;
				BUNDLE_LOADER = "$(TEST_HOST)";
				CODE_SIGN_STYLE = Automatic;
				CURRENT_PROJECT_VERSION = 1;
				GENERATE_INFOPLIST_FILE = YES;
				IPHONEOS_DEPLOYMENT_TARGET = 17.5;
				MARKETING_VERSION = 1.0;
				PRODUCT_BUNDLE_IDENTIFIER = "AOTondra.Deadline-CalendarTests";
				PRODUCT_NAME = "$(TARGET_NAME)";
				SWIFT_EMIT_LOC_STRINGS = NO;
				SWIFT_VERSION = 5.0;
				TARGETED_DEVICE_FAMILY = "1,2";
				TEST_HOST = "$(BUILT_PRODUCTS_DIR)/Deadline Calendar.app/$(BUNDLE_EXECUTABLE_FOLDER_PATH)/Deadline Calendar";
			};
			name = Debug;
		};
		DDF73B212CC0378100833720 /* Release */ = {
			isa = XCBuildConfiguration;
			buildSettings = {
				ALWAYS_EMBED_SWIFT_STANDARD_LIBRARIES = YES;
				BUNDLE_LOADER = "$(TEST_HOST)";
				CODE_SIGN_STYLE = Automatic;
				CURRENT_PROJECT_VERSION = 1;
				GENERATE_INFOPLIST_FILE = YES;
				IPHONEOS_DEPLOYMENT_TARGET = 17.5;
				MARKETING_VERSION = 1.0;
				PRODUCT_BUNDLE_IDENTIFIER = "AOTondra.Deadline-CalendarTests";
				PRODUCT_NAME = "$(TARGET_NAME)";
				SWIFT_EMIT_LOC_STRINGS = NO;
				SWIFT_VERSION = 5.0;
				TARGETED_DEVICE_FAMILY = "1,2";
				TEST_HOST = "$(BUILT_PRODUCTS_DIR)/Deadline Calendar.app/$(BUNDLE_EXECUTABLE_FOLDER_PATH)/Deadline Calendar";
			};
			name = Release;
		};
		DDF73B232CC0378100833720 /* Debug */ = {
			isa = XCBuildConfiguration;
			buildSettings = {
				ALWAYS_EMBED_SWIFT_STANDARD_LIBRARIES = YES;
				CODE_SIGN_STYLE = Automatic;
				CURRENT_PROJECT_VERSION = 1;
				GENERATE_INFOPLIST_FILE = YES;
				MARKETING_VERSION = 1.0;
				PRODUCT_BUNDLE_IDENTIFIER = "AOTondra.Deadline-CalendarUITests";
				PRODUCT_NAME = "$(TARGET_NAME)";
				SWIFT_EMIT_LOC_STRINGS = NO;
				SWIFT_VERSION = 5.0;
				TARGETED_DEVICE_FAMILY = "1,2";
				TEST_TARGET_NAME = "Deadline Calendar";
			};
			name = Debug;
		};
		DDF73B242CC0378100833720 /* Release */ = {
			isa = XCBuildConfiguration;
			buildSettings = {
				ALWAYS_EMBED_SWIFT_STANDARD_LIBRARIES = YES;
				CODE_SIGN_STYLE = Automatic;
				CURRENT_PROJECT_VERSION = 1;
				GENERATE_INFOPLIST_FILE = YES;
				MARKETING_VERSION = 1.0;
				PRODUCT_BUNDLE_IDENTIFIER = "AOTondra.Deadline-CalendarUITests";
				PRODUCT_NAME = "$(TARGET_NAME)";
				SWIFT_EMIT_LOC_STRINGS = NO;
				SWIFT_VERSION = 5.0;
				TARGETED_DEVICE_FAMILY = "1,2";
				TEST_TARGET_NAME = "Deadline Calendar";
			};
			name = Release;
		};
		DDF73B7B2CC04F5D00833720 /* Debug */ = {
			isa = XCBuildConfiguration;
			buildSettings = {
				ASSETCATALOG_COMPILER_GLOBAL_ACCENT_COLOR_NAME = AccentColor;
				ASSETCATALOG_COMPILER_WIDGET_BACKGROUND_COLOR_NAME = WidgetBackground;
				CODE_SIGN_ENTITLEMENTS = DeadlineCalendarWidgetExtension.entitlements;
				CODE_SIGN_STYLE = Automatic;
				CURRENT_PROJECT_VERSION = 1;
				DEVELOPMENT_TEAM = 5R2D4Y969H;
				GENERATE_INFOPLIST_FILE = YES;
				INFOPLIST_FILE = DeadlineCalendarWidget/Info.plist;
				INFOPLIST_KEY_CFBundleDisplayName = DeadlineCalendarWidget;
				INFOPLIST_KEY_NSHumanReadableCopyright = "";
				LD_RUNPATH_SEARCH_PATHS = (
					"$(inherited)",
					"@executable_path/Frameworks",
					"@executable_path/../../Frameworks",
				);
				MARKETING_VERSION = 1.0;
				PRODUCT_BUNDLE_IDENTIFIER = "AOTondra.Deadline-Calendar.DeadlineCalendarWidget";
				PRODUCT_NAME = "$(TARGET_NAME)";
				SKIP_INSTALL = YES;
				SWIFT_EMIT_LOC_STRINGS = YES;
				SWIFT_VERSION = 5.0;
				TARGETED_DEVICE_FAMILY = "1,2";
			};
			name = Debug;
		};
		DDF73B7C2CC04F5D00833720 /* Release */ = {
			isa = XCBuildConfiguration;
			buildSettings = {
				ASSETCATALOG_COMPILER_GLOBAL_ACCENT_COLOR_NAME = AccentColor;
				ASSETCATALOG_COMPILER_WIDGET_BACKGROUND_COLOR_NAME = WidgetBackground;
				CODE_SIGN_ENTITLEMENTS = DeadlineCalendarWidgetExtension.entitlements;
				CODE_SIGN_STYLE = Automatic;
				CURRENT_PROJECT_VERSION = 1;
				DEVELOPMENT_TEAM = 5R2D4Y969H;
				GENERATE_INFOPLIST_FILE = YES;
				INFOPLIST_FILE = DeadlineCalendarWidget/Info.plist;
				INFOPLIST_KEY_CFBundleDisplayName = DeadlineCalendarWidget;
				INFOPLIST_KEY_NSHumanReadableCopyright = "";
				LD_RUNPATH_SEARCH_PATHS = (
					"$(inherited)",
					"@executable_path/Frameworks",
					"@executable_path/../../Frameworks",
				);
				MARKETING_VERSION = 1.0;
				PRODUCT_BUNDLE_IDENTIFIER = "AOTondra.Deadline-Calendar.DeadlineCalendarWidget";
				PRODUCT_NAME = "$(TARGET_NAME)";
				SKIP_INSTALL = YES;
				SWIFT_EMIT_LOC_STRINGS = YES;
				SWIFT_VERSION = 5.0;
				TARGETED_DEVICE_FAMILY = "1,2";
			};
			name = Release;
		};
/* End XCBuildConfiguration section */

/* Begin XCConfigurationList section */
		DDF73AF32CC0378000833720 /* Build configuration list for PBXProject "Deadline Calendar" */ = {
			isa = XCConfigurationList;
			buildConfigurations = (
				DDF73B1A2CC0378100833720 /* Debug */,
				DDF73B1B2CC0378100833720 /* Release */,
			);
			defaultConfigurationIsVisible = 0;
			defaultConfigurationName = Release;
		};
		DDF73B1C2CC0378100833720 /* Build configuration list for PBXNativeTarget "Deadline Calendar" */ = {
			isa = XCConfigurationList;
			buildConfigurations = (
				DDF73B1D2CC0378100833720 /* Debug */,
				DDF73B1E2CC0378100833720 /* Release */,
			);
			defaultConfigurationIsVisible = 0;
			defaultConfigurationName = Release;
		};
		DDF73B1F2CC0378100833720 /* Build configuration list for PBXNativeTarget "Deadline CalendarTests" */ = {
			isa = XCConfigurationList;
			buildConfigurations = (
				DDF73B202CC0378100833720 /* Debug */,
				DDF73B212CC0378100833720 /* Release */,
			);
			defaultConfigurationIsVisible = 0;
			defaultConfigurationName = Release;
		};
		DDF73B222CC0378100833720 /* Build configuration list for PBXNativeTarget "Deadline CalendarUITests" */ = {
			isa = XCConfigurationList;
			buildConfigurations = (
				DDF73B232CC0378100833720 /* Debug */,
				DDF73B242CC0378100833720 /* Release */,
			);
			defaultConfigurationIsVisible = 0;
			defaultConfigurationName = Release;
		};
		DDF73B7A2CC04F5D00833720 /* Build configuration list for PBXNativeTarget "DeadlineCalendarWidgetExtension" */ = {
			isa = XCConfigurationList;
			buildConfigurations = (
				DDF73B7B2CC04F5D00833720 /* Debug */,
				DDF73B7C2CC04F5D00833720 /* Release */,
			);
			defaultConfigurationIsVisible = 0;
			defaultConfigurationName = Release;
		};
/* End XCConfigurationList section */

/* Begin XCRemoteSwiftPackageReference section */
		DDF73B252CC0425B00833720 /* XCRemoteSwiftPackageReference "SwiftSoup" */ = {
			isa = XCRemoteSwiftPackageReference;
			repositoryURL = "https://github.com/scinfu/SwiftSoup";
			requirement = {
				kind = upToNextMajorVersion;
				minimumVersion = 2.7.5;
			};
		};
/* End XCRemoteSwiftPackageReference section */

/* Begin XCSwiftPackageProductDependency section */
		DDF73B262CC0425B00833720 /* SwiftSoup */ = {
			isa = XCSwiftPackageProductDependency;
			package = DDF73B252CC0425B00833720 /* XCRemoteSwiftPackageReference "SwiftSoup" */;
			productName = SwiftSoup;
		};
		DDF73B852CC0541D00833720 /* SwiftSoup */ = {
			isa = XCSwiftPackageProductDependency;
			package = DDF73B252CC0425B00833720 /* XCRemoteSwiftPackageReference "SwiftSoup" */;
			productName = SwiftSoup;
		};
/* End XCSwiftPackageProductDependency section */
	};
	rootObject = DDF73AF02CC0378000833720 /* Project object */;
}
